
Microsoft Visual Studio Solution File, Format Version 12.00
# Visual Studio 15
Project("{FAE04EC0-301F-11D3-BF4B-00C04F79EFBC}") = "BlingPong.Plugins", "BlingPong.Plugins.csproj", "{1433098F-D9DD-C91D-4C3B-675743950620}"
EndProject
Project("{FAE04EC0-301F-11D3-BF4B-00C04F79EFBC}") = "BlingPong", "BlingPong.csproj", "{A6BFEE06-456D-19BD-F3B5-3C4B1104AC5A}"
EndProject
Project("{FAE04EC0-301F-11D3-BF4B-00C04F79EFBC}") = "BlingPong.Editor.Plugins", "BlingPong.Editor.Plugins.csproj", "{554779D5-310A-09BB-1219-B549A1694506}"
EndProject
Global
	GlobalSection(SolutionConfigurationPlatforms) = preSolution
		Debug|Any CPU = Debug|Any CPU
		Release|Any CPU = Release|Any CPU
	EndGlobalSection
	GlobalSection(ProjectConfigurationPlatforms) = postSolution
		{1433098F-D9DD-C91D-4C3B-675743950620}.Debug|Any CPU.ActiveCfg = Debug|Any CPU
		{1433098F-D9DD-C91D-4C3B-675743950620}.Debug|Any CPU.Build.0 = Debug|Any CPU
		{1433098F-D9DD-C91D-4C3B-675743950620}.Release|Any CPU.ActiveCfg = Release|Any CPU
		{1433098F-D9DD-C91D-4C3B-675743950620}.Release|Any CPU.Build.0 = Release|Any CPU
		{A6BFEE06-456D-19BD-F3B5-3C4B1104AC5A}.Debug|Any CPU.ActiveCfg = Debug|Any CPU
		{A6BFEE06-456D-19BD-F3B5-3C4B1104AC5A}.Debug|Any CPU.Build.0 = Debug|Any CPU
		{A6BFEE06-456D-19BD-F3B5-3C4B1104AC5A}.Release|Any CPU.ActiveCfg = Release|Any CPU
		{A6BFEE06-456D-19BD-F3B5-3C4B1104AC5A}.Release|Any CPU.Build.0 = Release|Any CPU
		{554779D5-310A-09BB-1219-B549A1694506}.Debug|Any CPU.ActiveCfg = Debug|Any CPU
		{554779D5-310A-09BB-1219-B549A1694506}.Debug|Any CPU.Build.0 = Debug|Any CPU
		{554779D5-310A-09BB-1219-B549A1694506}.Release|Any CPU.ActiveCfg = Release|Any CPU
		{554779D5-310A-09BB-1219-B549A1694506}.Release|Any CPU.Build.0 = Release|Any CPU
	EndGlobalSection
	GlobalSection(SolutionProperties) = preSolution
		HideSolutionNode = FALSE
	EndGlobalSection
EndGlobal
